{
  "name": "host-app",
  "version": "0.1.0",
  "lockfileVersion": 3,
  "requires": true,
  "packages": {
    "": {
      "name": "host-app",
      "version": "0.1.0",
      "dependencies": {
        "host-app": "file:"
      }
    },
    "node_modules/host-app": {
      "resolved": "",
      "link": true
    }
  }
}
